// !$*UTF8*$!
{
	archiveVersion = 1;
	classes = {
	};
	objectVersion = 50;
	objects = {

/* Begin PBXBuildFile section */
		28DD228A2448D17A00FA8B4A /* AppDelegate.swift in Sources */ = {isa = PBXBuildFile; fileRef = 28DD22892448D17A00FA8B4A /* AppDelegate.swift */; };
		28DD228C2448D17A00FA8B4A /* SceneDelegate.swift in Sources */ = {isa = PBXBuildFile; fileRef = 28DD228B2448D17A00FA8B4A /* SceneDelegate.swift */; };
		28DD228E2448D17A00FA8B4A /* ViewController.swift in Sources */ = {isa = PBXBuildFile; fileRef = 28DD228D2448D17A00FA8B4A /* ViewController.swift */; };
		28DD22912448D17A00FA8B4A /* Main.storyboard in Resources */ = {isa = PBXBuildFile; fileRef = 28DD228F2448D17A00FA8B4A /* Main.storyboard */; };
		28DD22932448D17F00FA8B4A /* Assets.xcassets in Resources */ = {isa = PBXBuildFile; fileRef = 28DD22922448D17F00FA8B4A /* Assets.xcassets */; };
		28DD22962448D17F00FA8B4A /* LaunchScreen.storyboard in Resources */ = {isa = PBXBuildFile; fileRef = 28DD22942448D17F00FA8B4A /* LaunchScreen.storyboard */; };
		28DD22A12448D18000FA8B4A /* AttrStrParagraphsTests.swift in Sources */ = {isa = PBXBuildFile; fileRef = 28DD22A02448D18000FA8B4A /* AttrStrParagraphsTests.swift */; };
/* End PBXBuildFile section */

/* Begin PBXContainerItemProxy section */
		28DD229D2448D18000FA8B4A /* PBXContainerItemProxy */ = {
			isa = PBXContainerItemProxy;
			containerPortal = 28DD227E2448D17A00FA8B4A /* Project object */;
			proxyType = 1;
			remoteGlobalIDString = 28DD22852448D17A00FA8B4A;
			remoteInfo = AttrStrParagraphs;
		};
/* End PBXContainerItemProxy section */

/* Begin PBXFileReference section */
		28DD22862448D17A00FA8B4A /* AttrStrParagraphs.app */ = {isa = PBXFileReference; explicitFileType = wrapper.application; includeInIndex = 0; path = AttrStrParagraphs.app; sourceTree = BUILT_PRODUCTS_DIR; };
		28DD22892448D17A00FA8B4A /* AppDelegate.swift */ = {isa = PBXFileReference; lastKnownFileType = sourcecode.swift; path = AppDelegate.swift; sourceTree = "<group>"; };
		28DD228B2448D17A00FA8B4A /* SceneDelegate.swift */ = {isa = PBXFileReference; lastKnownFileType = sourcecode.swift; path = SceneDelegate.swift; sourceTree = "<group>"; };
		28DD228D2448D17A00FA8B4A /* ViewController.swift */ = {isa = PBXFileReference; lastKnownFileType = sourcecode.swift; path = ViewController.swift; sourceTree = "<group>"; };
		28DD22902448D17A00FA8B4A /* Base */ = {isa = PBXFileReference; lastKnownFileType = file.storyboard; name = Base; path = Base.lproj/Main.storyboard; sourceTree = "<group>"; };
		28DD22922448D17F00FA8B4A /* Assets.xcassets */ = {isa = PBXFileReference; lastKnownFileType = folder.assetcatalog; path = Assets.xcassets; sourceTree = "<group>"; };
		28DD22952448D17F00FA8B4A /* Base */ = {isa = PBXFileReference; lastKnownFileType = file.storyboard; name = Base; path = Base.lproj/LaunchScreen.storyboard; sourceTree = "<group>"; };
		28DD22972448D17F00FA8B4A /* Info.plist */ = {isa = PBXFileReference; lastKnownFileType = text.plist.xml; path = Info.plist; sourceTree = "<group>"; };
		28DD229C2448D18000FA8B4A /* AttrStrParagraphsTests.xctest */ = {isa = PBXFileReference; explicitFileType = wrapper.cfbundle; includeInIndex = 0; path = AttrStrParagraphsTests.xctest; sourceTree = BUILT_PRODUCTS_DIR; };
		28DD22A02448D18000FA8B4A /* AttrStrParagraphsTests.swift */ = {isa = PBXFileReference; lastKnownFileType = sourcecode.swift; path = AttrStrParagraphsTests.swift; sourceTree = "<group>"; };
		28DD22A22448D18000FA8B4A /* Info.plist */ = {isa = PBXFileReference; lastKnownFileType = text.plist.xml; path = Info.plist; sourceTree = "<group>"; };
/* End PBXFileReference section */

/* Begin PBXFrameworksBuildPhase section */
		28DD22832448D17A00FA8B4A /* Frameworks */ = {
			isa = PBXFrameworksBuildPhase;
			buildActionMask = 2147483647;
			files = (
			);
			runOnlyForDeploymentPostprocessing = 0;
		};
		28DD22992448D18000FA8B4A /* Frameworks */ = {
			isa = PBXFrameworksBuildPhase;
			buildActionMask = 2147483647;
			files = (
			);
			runOnlyForDeploymentPostprocessing = 0;
		};
/* End PBXFrameworksBuildPhase section */

/* Begin PBXGroup section */
		28DD227D2448D17A00FA8B4A = {
			isa = PBXGroup;
			children = (
				28DD22882448D17A00FA8B4A /* AttrStrParagraphs */,
				28DD229F2448D18000FA8B4A /* AttrStrParagraphsTests */,
				28DD22872448D17A00FA8B4A /* Products */,
			);
			sourceTree = "<group>";
		};
		28DD22872448D17A00FA8B4A /* Products */ = {
			isa = PBXGroup;
			children = (
				28DD22862448D17A00FA8B4A /* AttrStrParagraphs.app */,
				28DD229C2448D18000FA8B4A /* AttrStrParagraphsTests.xctest */,
			);
			name = Products;
			sourceTree = "<group>";
		};
		28DD22882448D17A00FA8B4A /* AttrStrParagraphs */ = {
			isa = PBXGroup;
			children = (
				28DD22892448D17A00FA8B4A /* AppDelegate.swift */,
				28DD228B2448D17A00FA8B4A /* SceneDelegate.swift */,
				28DD228D2448D17A00FA8B4A /* ViewController.swift */,
				28DD228F2448D17A00FA8B4A /* Main.storyboard */,
				28DD22922448D17F00FA8B4A /* Assets.xcassets */,
				28DD22942448D17F00FA8B4A /* LaunchScreen.storyboard */,
				28DD22972448D17F00FA8B4A /* Info.plist */,
			);
			path = AttrStrParagraphs;
			sourceTree = "<group>";
		};
		28DD229F2448D18000FA8B4A /* AttrStrParagraphsTests */ = {
			isa = PBXGroup;
			children = (
				28DD22A02448D18000FA8B4A /* AttrStrParagraphsTests.swift */,
				28DD22A22448D18000FA8B4A /* Info.plist */,
			);
			path = AttrStrParagraphsTests;
			sourceTree = "<group>";
		};
/* End PBXGroup section */

/* Begin PBXNativeTarget section */
		28DD22852448D17A00FA8B4A /* AttrStrParagraphs */ = {
			isa = PBXNativeTarget;
			buildConfigurationList = 28DD22A52448D18000FA8B4A /* Build configuration list for PBXNativeTarget "AttrStrParagraphs" */;
			buildPhases = (
				28DD22822448D17A00FA8B4A /* Sources */,
				28DD22832448D17A00FA8B4A /* Frameworks */,
				28DD22842448D17A00FA8B4A /* Resources */,
			);
			buildRules = (
			);
			dependencies = (
			);
			name = AttrStrParagraphs;
			productName = AttrStrParagraphs;
			productReference = 28DD22862448D17A00FA8B4A /* AttrStrParagraphs.app */;
			productType = "com.apple.product-type.application";
		};
		28DD229B2448D18000FA8B4A /* AttrStrParagraphsTests */ = {
			isa = PBXNativeTarget;
			buildConfigurationList = 28DD22A82448D18000FA8B4A /* Build configuration list for PBXNativeTarget "AttrStrParagraphsTests" */;
			buildPhases = (
				28DD22982448D18000FA8B4A /* Sources */,
				28DD22992448D18000FA8B4A /* Frameworks */,
				28DD229A2448D18000FA8B4A /* Resources */,
			);
			buildRules = (
			);
			dependencies = (
				28DD229E2448D18000FA8B4A /* PBXTargetDependency */,
			);
			name = AttrStrParagraphsTests;
			productName = AttrStrParagraphsTests;
			productReference = 28DD229C2448D18000FA8B4A /* AttrStrParagraphsTests.xctest */;
			productType = "com.apple.product-type.bundle.unit-test";
		};
/* End PBXNativeTarget section */

/* Begin PBXProject section */
		28DD227E2448D17A00FA8B4A /* Project object */ = {
			isa = PBXProject;
			attributes = {
				LastSwiftUpdateCheck = 1130;
				LastUpgradeCheck = 1130;
				ORGANIZATIONNAME = io.github.ahmedkhalaf;
				TargetAttributes = {
					28DD22852448D17A00FA8B4A = {
						CreatedOnToolsVersion = 11.3;
					};
					28DD229B2448D18000FA8B4A = {
						CreatedOnToolsVersion = 11.3;
						TestTargetID = 28DD22852448D17A00FA8B4A;
					};
				};
			};
			buildConfigurationList = 28DD22812448D17A00FA8B4A /* Build configuration list for PBXProject "AttrStrParagraphs" */;
			compatibilityVersion = "Xcode 9.3";
			developmentRegion = en;
			hasScannedForEncodings = 0;
			knownRegions = (
				en,
				Base,
			);
			mainGroup = 28DD227D2448D17A00FA8B4A;
			productRefGroup = 28DD22872448D17A00FA8B4A /* Products */;
			projectDirPath = "";
			projectRoot = "";
			targets = (
				28DD22852448D17A00FA8B4A /* AttrStrParagraphs */,
				28DD229B2448D18000FA8B4A /* AttrStrParagraphsTests */,
			);
		};
/* End PBXProject section */

/* Begin PBXResourcesBuildPhase section */
		28DD22842448D17A00FA8B4A /* Resources */ = {
			isa = PBXResourcesBuildPhase;
			buildActionMask = 2147483647;
			files = (
				28DD22962448D17F00FA8B4A /* LaunchScreen.storyboard in Resources */,
				28DD22932448D17F00FA8B4A /* Assets.xcassets in Resources */,
				28DD22912448D17A00FA8B4A /* Main.storyboard in Resources */,
			);
			runOnlyForDeploymentPostprocessing = 0;
		};
		28DD229A2448D18000FA8B4A /* Resources */ = {
			isa = PBXResourcesBuildPhase;
			buildActionMask = 2147483647;
			files = (
			);
			runOnlyForDeploymentPostprocessing = 0;
		};
/* End PBXResourcesBuildPhase section */

/* Begin PBXSourcesBuildPhase section */
		28DD22822448D17A00FA8B4A /* Sources */ = {
			isa = PBXSourcesBuildPhase;
			buildActionMask = 2147483647;
			files = (
				28DD228E2448D17A00FA8B4A /* ViewController.swift in Sources */,
				28DD228A2448D17A00FA8B4A /* AppDelegate.swift in Sources */,
				28DD228C2448D17A00FA8B4A /* SceneDelegate.swift in Sources */,
			);
			runOnlyForDeploymentPostprocessing = 0;
		};
		28DD22982448D18000FA8B4A /* Sources */ = {
			isa = PBXSourcesBuildPhase;
			buildActionMask = 2147483647;
			files = (
				28DD22A12448D18000FA8B4A /* AttrStrParagraphsTests.swift in Sources */,
			);
			runOnlyForDeploymentPostprocessing = 0;
		};
/* End PBXSourcesBuildPhase section */

/* Begin PBXTargetDependency section */
		28DD229E2448D18000FA8B4A /* PBXTargetDependency */ = {
			isa = PBXTargetDependency;
			target = 28DD22852448D17A00FA8B4A /* AttrStrParagraphs */;
			targetProxy = 28DD229D2448D18000FA8B4A /* PBXContainerItemProxy */;
		};
/* End PBXTargetDependency section */

/* Begin PBXVariantGroup section */
		28DD228F2448D17A00FA8B4A /* Main.storyboard */ = {
			isa = PBXVariantGroup;
			children = (
				28DD22902448D17A00FA8B4A /* Base */,
			);
			name = Main.storyboard;
			sourceTree = "<group>";
		};
		28DD22942448D17F00FA8B4A /* LaunchScreen.storyboard */ = {
			isa = PBXVariantGroup;
			children = (
				28DD22952448D17F00FA8B4A /* Base */,
			);
			name = LaunchScreen.storyboard;
			sourceTree = "<group>";
		};
/* End PBXVariantGroup section */

/* Begin XCBuildConfiguration section */
		28DD22A32448D18000FA8B4A /* Debug */ = {
			isa = XCBuildConfiguration;
			buildSettings = {
				ALWAYS_SEARCH_USER_PATHS = NO;
				CLANG_ANALYZER_NONNULL = YES;
				CLANG_ANALYZER_NUMBER_OBJECT_CONVERSION = YES_AGGRESSIVE;
				CLANG_CXX_LANGUAGE_STANDARD = "gnu++14";
				CLANG_CXX_LIBRARY = "libc++";
				CLANG_ENABLE_MODULES = YES;
				CLANG_ENABLE_OBJC_ARC = YES;
				CLANG_ENABLE_OBJC_WEAK = YES;
				CLANG_WARN_BLOCK_CAPTURE_AUTORELEASING = YES;
				CLANG_WARN_BOOL_CONVERSION = YES;
				CLANG_WARN_COMMA = YES;
				CLANG_WARN_CONSTANT_CONVERSION = YES;
				CLANG_WARN_DEPRECATED_OBJC_IMPLEMENTATIONS = YES;
				CLANG_WARN_DIRECT_OBJC_ISA_USAGE = YES_ERROR;
				CLANG_WARN_DOCUMENTATION_COMMENTS = YES;
				CLANG_WARN_EMPTY_BODY = YES;
				CLANG_WARN_ENUM_CONVERSION = YES;
				CLANG_WARN_INFINITE_RECURSION = YES;
				CLANG_WARN_INT_CONVERSION = YES;
				CLANG_WARN_NON_LITERAL_NULL_CONVERSION = YES;
				CLANG_WARN_OBJC_IMPLICIT_RETAIN_SELF = YES;
				CLANG_WARN_OBJC_LITERAL_CONVERSION = YES;
				CLANG_WARN_OBJC_ROOT_CLASS = YES_ERROR;
				CLANG_WARN_RANGE_LOOP_ANALYSIS = YES;
				CLANG_WARN_STRICT_PROTOTYPES = YES;
				CLANG_WARN_SUSPICIOUS_MOVE = YES;
				CLANG_WARN_UNGUARDED_AVAILABILITY = YES_AGGRESSIVE;
				CLANG_WARN_UNREACHABLE_CODE = YES;
				CLANG_WARN__DUPLICATE_METHOD_MATCH = YES;
				COPY_PHASE_STRIP = NO;
				DEBUG_INFORMATION_FORMAT = dwarf;
				ENABLE_STRICT_OBJC_MSGSEND = YES;
				ENABLE_TESTABILITY = YES;
				GCC_C_LANGUAGE_STANDARD = gnu11;
				GCC_DYNAMIC_NO_PIC = NO;
				GCC_NO_COMMON_BLOCKS = YES;
				GCC_OPTIMIZATION_LEVEL = 0;
				GCC_PREPROCESSOR_DEFINITIONS = (
					"DEBUG=1",
					"$(inherited)",
				);
				GCC_WARN_64_TO_32_BIT_CONVERSION = YES;
				GCC_WARN_ABOUT_RETURN_TYPE = YES_ERROR;
				GCC_WARN_UNDECLARED_SELECTOR = YES;
				GCC_WARN_UNINITIALIZED_AUTOS = YES_AGGRESSIVE;
				GCC_WARN_UNUSED_FUNCTION = YES;
				GCC_WARN_UNUSED_VARIABLE = YES;
				IPHONEOS_DEPLOYMENT_TARGET = 13.2;
				MTL_ENABLE_DEBUG_INFO = INCLUDE_SOURCE;
				MTL_FAST_MATH = YES;
				ONLY_ACTIVE_ARCH = YES;
				SDKROOT = iphoneos;
				SWIFT_ACTIVE_COMPILATION_CONDITIONS = DEBUG;
				SWIFT_OPTIMIZATION_LEVEL = "-Onone";
			};
			name = Debug;
		};
		28DD22A42448D18000FA8B4A /* Release */ = {
			isa = XCBuildConfiguration;
			buildSettings = {
				ALWAYS_SEARCH_USER_PATHS = NO;
				CLANG_ANALYZER_NONNULL = YES;
				CLANG_ANALYZER_NUMBER_OBJECT_CONVERSION = YES_AGGRESSIVE;
				CLANG_CXX_LANGUAGE_STANDARD = "gnu++14";
				CLANG_CXX_LIBRARY = "libc++";
				CLANG_ENABLE_MODULES = YES;
				CLANG_ENABLE_OBJC_ARC = YES;
				CLANG_ENABLE_OBJC_WEAK = YES;
				CLANG_WARN_BLOCK_CAPTURE_AUTORELEASING = YES;
				CLANG_WARN_BOOL_CONVERSION = YES;
				CLANG_WARN_COMMA = YES;
				CLANG_WARN_CONSTANT_CONVERSION = YES;
				CLANG_WARN_DEPRECATED_OBJC_IMPLEMENTATIONS = YES;
				CLANG_WARN_DIRECT_OBJC_ISA_USAGE = YES_ERROR;
				CLANG_WARN_DOCUMENTATION_COMMENTS = YES;
				CLANG_WARN_EMPTY_BODY = YES;
				CLANG_WARN_ENUM_CONVERSION = YES;
				CLANG_WARN_INFINITE_RECURSION = YES;
				CLANG_WARN_INT_CONVERSION = YES;
				CLANG_WARN_NON_LITERAL_NULL_CONVERSION = YES;
				CLANG_WARN_OBJC_IMPLICIT_RETAIN_SELF = YES;
				CLANG_WARN_OBJC_LITERAL_CONVERSION = YES;
				CLANG_WARN_OBJC_ROOT_CLASS = YES_ERROR;
				CLANG_WARN_RANGE_LOOP_ANALYSIS = YES;
				CLANG_WARN_STRICT_PROTOTYPES = YES;
				CLANG_WARN_SUSPICIOUS_MOVE = YES;
				CLANG_WARN_UNGUARDED_AVAILABILITY = YES_AGGRESSIVE;
				CLANG_WARN_UNREACHABLE_CODE = YES;
				CLANG_WARN__DUPLICATE_METHOD_MATCH = YES;
				COPY_PHASE_STRIP = NO;
				DEBUG_INFORMATION_FORMAT = "dwarf-with-dsym";
				ENABLE_NS_ASSERTIONS = NO;
				ENABLE_STRICT_OBJC_MSGSEND = YES;
				GCC_C_LANGUAGE_STANDARD = gnu11;
				GCC_NO_COMMON_BLOCKS = YES;
				GCC_WARN_64_TO_32_BIT_CONVERSION = YES;
				GCC_WARN_ABOUT_RETURN_TYPE = YES_ERROR;
				GCC_WARN_UNDECLARED_SELECTOR = YES;
				GCC_WARN_UNINITIALIZED_AUTOS = YES_AGGRESSIVE;
				GCC_WARN_UNUSED_FUNCTION = YES;
				GCC_WARN_UNUSED_VARIABLE = YES;
				IPHONEOS_DEPLOYMENT_TARGET = 13.2;
				MTL_ENABLE_DEBUG_INFO = NO;
				MTL_FAST_MATH = YES;
				SDKROOT = iphoneos;
				SWIFT_COMPILATION_MODE = wholemodule;
				SWIFT_OPTIMIZATION_LEVEL = "-O";
				VALIDATE_PRODUCT = YES;
			};
			name = Release;
		};
		28DD22A62448D18000FA8B4A /* Debug */ = {
			isa = XCBuildConfiguration;
			buildSettings = {
				ASSETCATALOG_COMPILER_APPICON_NAME = AppIcon;
				CODE_SIGN_STYLE = Automatic;
				DEVELOPMENT_TEAM = Y699PM52F2;
				INFOPLIST_FILE = AttrStrParagraphs/Info.plist;
				LD_RUNPATH_SEARCH_PATHS = (
					"$(inherited)",
					"@executable_path/Frameworks",
				);
				PRODUCT_BUNDLE_IDENTIFIER = AK.AttrStrParagraphs;
				PRODUCT_NAME = "$(TARGET_NAME)";
				SWIFT_VERSION = 5.0;
				TARGETED_DEVICE_FAMILY = "1,2";
			};
			name = Debug;
		};
		28DD22A72448D18000FA8B4A /* Release */ = {
			isa = XCBuildConfiguration;
			buildSettings = {
				ASSETCATALOG_COMPILER_APPICON_NAME = AppIcon;
				CODE_SIGN_STYLE = Automatic;
				DEVELOPMENT_TEAM = Y699PM52F2;
				INFOPLIST_FILE = AttrStrParagraphs/Info.plist;
				LD_RUNPATH_SEARCH_PATHS = (
					"$(inherited)",
					"@executable_path/Frameworks",
				);
				PRODUCT_BUNDLE_IDENTIFIER = AK.AttrStrParagraphs;
				PRODUCT_NAME = "$(TARGET_NAME)";
				SWIFT_VERSION = 5.0;
				TARGETED_DEVICE_FAMILY = "1,2";
			};
			name = Release;
		};
		28DD22A92448D18000FA8B4A /* Debug */ = {
			isa = XCBuildConfiguration;
			buildSettings = {
				ALWAYS_EMBED_SWIFT_STANDARD_LIBRARIES = YES;
				BUNDLE_LOADER = "$(TEST_HOST)";
				CODE_SIGN_STYLE = Automatic;
				DEVELOPMENT_TEAM = Y699PM52F2;
				INFOPLIST_FILE = AttrStrParagraphsTests/Info.plist;
				IPHONEOS_DEPLOYMENT_TARGET = 13.2;
				LD_RUNPATH_SEARCH_PATHS = (
					"$(inherited)",
					"@executable_path/Frameworks",
					"@loader_path/Frameworks",
				);
				PRODUCT_BUNDLE_IDENTIFIER = AK.AttrStrParagraphsTests;
				PRODUCT_NAME = "$(TARGET_NAME)";
				SWIFT_VERSION = 5.0;
				TARGETED_DEVICE_FAMILY = "1,2";
				TEST_HOST = "$(BUILT_PRODUCTS_DIR)/AttrStrParagraphs.app/AttrStrParagraphs";
			};
			name = Debug;
		};
		28DD22AA2448D18000FA8B4A /* Release */ = {
			isa = XCBuildConfiguration;
			buildSettings = {
				ALWAYS_EMBED_SWIFT_STANDARD_LIBRARIES = YES;
				BUNDLE_LOADER = "$(TEST_HOST)";
				CODE_SIGN_STYLE = Automatic;
				DEVELOPMENT_TEAM = Y699PM52F2;
				INFOPLIST_FILE = AttrStrParagraphsTests/Info.plist;
				IPHONEOS_DEPLOYMENT_TARGET = 13.2;
				LD_RUNPATH_SEARCH_PATHS = (
					"$(inherited)",
					"@executable_path/Frameworks",
					"@loader_path/Frameworks",
				);
				PRODUCT_BUNDLE_IDENTIFIER = AK.AttrStrParagraphsTests;
				PRODUCT_NAME = "$(TARGET_NAME)";
				SWIFT_VERSION = 5.0;
				TARGETED_DEVICE_FAMILY = "1,2";
				TEST_HOST = "$(BUILT_PRODUCTS_DIR)/AttrStrParagraphs.app/AttrStrParagraphs";
			};
			name = Release;
		};
/* End XCBuildConfiguration section */

/* Begin XCConfigurationList section */
		28DD22812448D17A00FA8B4A /* Build configuration list for PBXProject "AttrStrParagraphs" */ = {
			isa = XCConfigurationList;
			buildConfigurations = (
				28DD22A32448D18000FA8B4A /* Debug */,
				28DD22A42448D18000FA8B4A /* Release */,
			);
			defaultConfigurationIsVisible = 0;
			defaultConfigurationName = Release;
		};
		28DD22A52448D18000FA8B4A /* Build configuration list for PBXNativeTarget "AttrStrParagraphs" */ = {
			isa = XCConfigurationList;
			buildConfigurations = (
				28DD22A62448D18000FA8B4A /* Debug */,
				28DD22A72448D18000FA8B4A /* Release */,
			);
			defaultConfigurationIsVisible = 0;
			defaultConfigurationName = Release;
		};
		28DD22A82448D18000FA8B4A /* Build configuration list for PBXNativeTarget "AttrStrParagraphsTests" */ = {
			isa = XCConfigurationList;
			buildConfigurations = (
				28DD22A92448D18000FA8B4A /* Debug */,
				28DD22AA2448D18000FA8B4A /* Release */,
			);
			defaultConfigurationIsVisible = 0;
			defaultConfigurationName = Release;
		};
/* End XCConfigurationList section */
	};
	rootObject = 28DD227E2448D17A00FA8B4A /* Project object */;
}
